Microsoft Visual Studio Solution File, Format Version 12.00
# Visual Studio Version 17
VisualStudioVersion = 17.5.2.0
MinimumVisualStudioVersion = 10.0.40219.1
Project("{FAE04EC0-301F-11D3-BF4B-00C04F79EFBC}") = "greptile_calculator_plain_duplication", "greptile_calculator_plain_duplication.csproj", "{70BCD6C6-6CDB-2F35-370B-78B574FD9554}"
EndProject
Global
	GlobalSection(SolutionConfigurationPlatforms) = preSolution
		Debug|Any CPU = Debug|Any CPU
		Release|Any CPU = Release|Any CPU
	EndGlobalSection
	GlobalSection(ProjectConfigurationPlatforms) = postSolution
		{70BCD6C6-6CDB-2F35-370B-78B574FD9554}.Debug|Any CPU.ActiveCfg = Debug|Any CPU
		{70BCD6C6-6CDB-2F35-370B-78B574FD9554}.Debug|Any CPU.Build.0 = Debug|Any CPU
		{70BCD6C6-6CDB-2F35-370B-78B574FD9554}.Release|Any CPU.ActiveCfg = Release|Any CPU
		{70BCD6C6-6CDB-2F35-370B-78B574FD9554}.Release|Any CPU.Build.0 = Release|Any CPU
	EndGlobalSection
	GlobalSection(SolutionProperties) = preSolution
		HideSolutionNode = FALSE
	EndGlobalSection
	GlobalSection(ExtensibilityGlobals) = postSolution
		SolutionGuid = {01F5B4E9-4D15-4474-8340-7F9E3FE956DB}
	EndGlobalSection
EndGlobal
